
Microsoft Visual Studio Solution File, Format Version 12.00
# Visual Studio Version 17
VisualStudioVersion = 17.2.32630.192
MinimumVisualStudioVersion = 10.0.40219.1
Project("{FAE04EC0-301F-11D3-BF4B-00C04F79EFBC}") = "circleAreaPerim", "circleAreaPerim\circleAreaPerim.csproj", "{698D728E-A578-4DF7-8417-6761D4A077E0}"
EndProject
Global
	GlobalSection(SolutionConfigurationPlatforms) = preSolution
		Debug|Any CPU = Debug|Any CPU
		Release|Any CPU = Release|Any CPU
	EndGlobalSection
	GlobalSection(ProjectConfigurationPlatforms) = postSolution
		{698D728E-A578-4DF7-8417-6761D4A077E0}.Debug|Any CPU.ActiveCfg = Debug|Any CPU
		{698D728E-A578-4DF7-8417-6761D4A077E0}.Debug|Any CPU.Build.0 = Debug|Any CPU
		{698D728E-A578-4DF7-8417-6761D4A077E0}.Release|Any CPU.ActiveCfg = Release|Any CPU
		{698D728E-A578-4DF7-8417-6761D4A077E0}.Release|Any CPU.Build.0 = Release|Any CPU
	EndGlobalSection
	GlobalSection(SolutionProperties) = preSolution
		HideSolutionNode = FALSE
	EndGlobalSection
	GlobalSection(ExtensibilityGlobals) = postSolution
		SolutionGuid = {302A1F23-3619-457D-8B8C-2FEB0C67709D}
	EndGlobalSection
EndGlobal
